
Microsoft Visual Studio Solution File, Format Version 12.00
# Visual Studio Version 16
VisualStudioVersion = 16.0.31005.135
MinimumVisualStudioVersion = 10.0.40219.1
Project("{9A19103F-16F7-4668-BE54-9A1E7A4F7556}") = "DIO.Series", "DIO.Serires\DIO.Series.csproj", "{8FF838B4-7914-4FFD-A842-18E5F959E896}"
EndProject
Global
	GlobalSection(SolutionConfigurationPlatforms) = preSolution
		Debug|Any CPU = Debug|Any CPU
		Release|Any CPU = Release|Any CPU
	EndGlobalSection
	GlobalSection(ProjectConfigurationPlatforms) = postSolution
		{8FF838B4-7914-4FFD-A842-18E5F959E896}.Debug|Any CPU.ActiveCfg = Debug|Any CPU
		{8FF838B4-7914-4FFD-A842-18E5F959E896}.Debug|Any CPU.Build.0 = Debug|Any CPU
		{8FF838B4-7914-4FFD-A842-18E5F959E896}.Release|Any CPU.ActiveCfg = Release|Any CPU
		{8FF838B4-7914-4FFD-A842-18E5F959E896}.Release|Any CPU.Build.0 = Release|Any CPU
	EndGlobalSection
	GlobalSection(SolutionProperties) = preSolution
		HideSolutionNode = FALSE
	EndGlobalSection
	GlobalSection(ExtensibilityGlobals) = postSolution
		SolutionGuid = {05EA062E-6AE6-4B13-893D-2057C826DCBD}
	EndGlobalSection
EndGlobal
